
Microsoft Visual Studio Solution File, Format Version 12.00
# Visual Studio Version 16
VisualStudioVersion = 16.0.29424.173
MinimumVisualStudioVersion = 10.0.40219.1
Project("{FAE04EC0-301F-11D3-BF4B-00C04F79EFBC}") = "Lab1", "Lab1\Lab1.csproj", "{92F5B58C-8F91-4F31-86EA-7A38D9E2F298}"
EndProject
Global
	GlobalSection(SolutionConfigurationPlatforms) = preSolution
		Debug|Any CPU = Debug|Any CPU
		Release|Any CPU = Release|Any CPU
	EndGlobalSection
	GlobalSection(ProjectConfigurationPlatforms) = postSolution
		{92F5B58C-8F91-4F31-86EA-7A38D9E2F298}.Debug|Any CPU.ActiveCfg = Debug|Any CPU
		{92F5B58C-8F91-4F31-86EA-7A38D9E2F298}.Debug|Any CPU.Build.0 = Debug|Any CPU
		{92F5B58C-8F91-4F31-86EA-7A38D9E2F298}.Release|Any CPU.ActiveCfg = Release|Any CPU
		{92F5B58C-8F91-4F31-86EA-7A38D9E2F298}.Release|Any CPU.Build.0 = Release|Any CPU
	EndGlobalSection
	GlobalSection(SolutionProperties) = preSolution
		HideSolutionNode = FALSE
	EndGlobalSection
	GlobalSection(ExtensibilityGlobals) = postSolution
		SolutionGuid = {EFAD3A2E-BB73-4637-9D1A-81D9A0BA63C7}
	EndGlobalSection
EndGlobal
